{
  "version": 4,
  "terraform_version": "1.1.7",
  "serial": 9,
  "lineage": "c43cffa3-7dbf-b90c-3b0d-8cb61b401e9b",
  "outputs": {},
  "resources": [
    {
      "mode": "managed",
      "type": "aws_instance",
      "name": "instancetask",
      "provider": "provider[\"registry.terraform.io/hashicorp/aws\"]",
      "instances": [
        {
          "schema_version": 1,
          "attributes": {
            "ami": "ami-0c02fb55956c7d316",
            "arn": "arn:aws:ec2:us-east-1:079709380508:instance/i-0a6659f49a32afb06",
            "associate_public_ip_address": true,
            "availability_zone": "us-east-1c",
            "capacity_reservation_specification": [
              {
                "capacity_reservation_preference": "open",
                "capacity_reservation_target": []
              }
            ],
            "cpu_core_count": 1,
            "cpu_threads_per_core": 1,
            "credit_specification": [
              {
                "cpu_credits": "standard"
              }
            ],
            "disable_api_termination": false,
            "ebs_block_device": [],
            "ebs_optimized": false,
            "enclave_options": [
              {
                "enabled": false
              }
            ],
            "ephemeral_block_device": [],
            "get_password_data": false,
            "hibernation": false,
            "host_id": null,
            "iam_instance_profile": "",
            "id": "i-0a6659f49a32afb06",
            "instance_initiated_shutdown_behavior": "stop",
            "instance_state": "running",
            "instance_type": "t2.micro",
            "ipv6_address_count": 0,
            "ipv6_addresses": [],
            "key_name": "tharwat-new-key",
            "launch_template": [],
            "metadata_options": [
              {
                "http_endpoint": "enabled",
                "http_put_response_hop_limit": 1,
                "http_tokens": "optional",
                "instance_metadata_tags": "disabled"
              }
            ],
            "monitoring": false,
            "network_interface": [],
            "outpost_arn": "",
            "password_data": "",
            "placement_group": "",
            "placement_partition_number": null,
            "primary_network_interface_id": "eni-0639fd39535a0814f",
            "private_dns": "ip-172-31-27-39.ec2.internal",
            "private_ip": "172.31.27.39",
            "public_dns": "ec2-34-207-251-171.compute-1.amazonaws.com",
            "public_ip": "34.207.251.171",
            "root_block_device": [
              {
                "delete_on_termination": true,
                "device_name": "/dev/xvda",
                "encrypted": false,
                "iops": 100,
                "kms_key_id": "",
                "tags": {},
                "throughput": 0,
                "volume_id": "vol-04feb800fb6d954a3",
                "volume_size": 8,
                "volume_type": "gp2"
              }
            ],
            "secondary_private_ips": [],
            "security_groups": [
              "tharwat-new-SG"
            ],
            "source_dest_check": true,
            "subnet_id": "subnet-0aeff53a3971496fe",
            "tags": {
              "Name": "terratharwat"
            },
            "tags_all": {
              "Name": "terratharwat"
            },
            "tenancy": "default",
            "timeouts": null,
            "user_data": null,
            "user_data_base64": null,
            "user_data_replace_on_change": false,
            "volume_tags": null,
            "vpc_security_group_ids": [
              "sg-0d87012ece164fa06"
            ]
          },
          "sensitive_attributes": [],
          "private": "eyJlMmJmYjczMC1lY2FhLTExZTYtOGY4OC0zNDM2M2JjN2M0YzAiOnsiY3JlYXRlIjo2MDAwMDAwMDAwMDAsImRlbGV0ZSI6MTIwMDAwMDAwMDAwMCwidXBkYXRlIjo2MDAwMDAwMDAwMDB9LCJzY2hlbWFfdmVyc2lvbiI6IjEifQ==",
          "dependencies": [
            "aws_key_pair.tharwat-key",
            "aws_security_group.tharwat-SG"
          ]
        }
      ]
    },
    {
      "mode": "managed",
      "type": "aws_key_pair",
      "name": "tharwat-key",
      "provider": "provider[\"registry.terraform.io/hashicorp/aws\"]",
      "instances": [
        {
          "schema_version": 1,
          "attributes": {
            "arn": "arn:aws:ec2:us-east-1:079709380508:key-pair/tharwat-new-key",
            "fingerprint": "d4:c3:27:4b:31:be:b1:d5:66:22:fb:1a:1b:7b:58:f0",
            "id": "tharwat-new-key",
            "key_name": "tharwat-new-key",
            "key_name_prefix": "",
            "key_pair_id": "key-0d2b5bf2bc6413af6",
            "public_key": "ssh-rsa AAAAB3NzaC1yc2EAAAADAQABAAABgQDCOKCNhBkMxrBcF14sYtio6wyi/XYNfZjr8/UScfXuc0LW8Fe/sSQ2l8mxTd0ZP6MKgY6ZdkcqVxCtyx/BxsR+57qmIkYLcon5t6RBltTTfNO1Fkio9j4b9/JhQRC0r52axdhPC4KsRGXvJaD3SoeWpIGgMnLtYsfg5iySM7mTeYgCCHWb+vUB3Hda+H3aizE/5acBQ4MEIvGr1lGdRPh1URKienFd9Qm5y+hkD/Nvi8D3KDVv8/N09rlsw6AXhtFKChfXL0PC+CccpC0bs5ZJEOtRI00iFW/jFtajCBOkHQeS3BQF2EHqwM8bO2Nm03UzJedtiOxo/2Tm2VcFyEY+lj3IrgMQJjLz2WRIfgjH90ci/ZL6EAjOIBl79SbrWNlcqALgSWyw6d/kBZtUZcjrFn5ayt+JZ8AKjSjf8VBEBfnmenmt7WIZ/T1/CDe4AejF7Di6UzPRNcY171ZIBsDralFZESNtnDQSsxt7KgrTQ51ybnMd9ilBXnawWVEqmVk= root@Master",
            "tags": {},
            "tags_all": {}
          },
          "sensitive_attributes": [],
          "private": "eyJzY2hlbWFfdmVyc2lvbiI6IjEifQ=="
        }
      ]
    },
    {
      "mode": "managed",
      "type": "aws_security_group",
      "name": "tharwat-SG",
      "provider": "provider[\"registry.terraform.io/hashicorp/aws\"]",
      "instances": [
        {
          "schema_version": 1,
          "attributes": {
            "arn": "arn:aws:ec2:us-east-1:079709380508:security-group/sg-0d87012ece164fa06",
            "description": "Allow TLS inbound traffic",
            "egress": [
              {
                "cidr_blocks": [
                  "0.0.0.0/0"
                ],
                "description": "",
                "from_port": 0,
                "ipv6_cidr_blocks": [],
                "prefix_list_ids": [],
                "protocol": "-1",
                "security_groups": [],
                "self": false,
                "to_port": 0
              }
            ],
            "id": "sg-0d87012ece164fa06",
            "ingress": [
              {
                "cidr_blocks": [
                  "0.0.0.0/0"
                ],
                "description": "TLS from VPC",
                "from_port": 22,
                "ipv6_cidr_blocks": [],
                "prefix_list_ids": [],
                "protocol": "tcp",
                "security_groups": [],
                "self": false,
                "to_port": 22
              }
            ],
            "name": "tharwat-new-SG",
            "name_prefix": "",
            "owner_id": "079709380508",
            "revoke_rules_on_delete": false,
            "tags": {
              "Name": "allow_tls"
            },
            "tags_all": {
              "Name": "allow_tls"
            },
            "timeouts": null,
            "vpc_id": "vpc-02f843ff8f4d4278c"
          },
          "sensitive_attributes": [],
          "private": "eyJlMmJmYjczMC1lY2FhLTExZTYtOGY4OC0zNDM2M2JjN2M0YzAiOnsiY3JlYXRlIjo2MDAwMDAwMDAwMDAsImRlbGV0ZSI6OTAwMDAwMDAwMDAwfSwic2NoZW1hX3ZlcnNpb24iOiIxIn0="
        }
      ]
    }
  ]
}
